Microsoft Visual Studio Solution File, Format Version 12.00
# Visual Studio Version 17
VisualStudioVersion = 17.5.2.0
MinimumVisualStudioVersion = 10.0.40219.1
Project("{FAE04EC0-301F-11D3-BF4B-00C04F79EFBC}") = "bertini_real", "bertini_real.csproj", "{9C182268-FEA6-979D-435A-8D8E54A567B9}"
EndProject
Global
	GlobalSection(SolutionConfigurationPlatforms) = preSolution
		Debug|Any CPU = Debug|Any CPU
		Release|Any CPU = Release|Any CPU
	EndGlobalSection
	GlobalSection(ProjectConfigurationPlatforms) = postSolution
		{9C182268-FEA6-979D-435A-8D8E54A567B9}.Debug|Any CPU.ActiveCfg = Debug|Any CPU
		{9C182268-FEA6-979D-435A-8D8E54A567B9}.Debug|Any CPU.Build.0 = Debug|Any CPU
		{9C182268-FEA6-979D-435A-8D8E54A567B9}.Release|Any CPU.ActiveCfg = Release|Any CPU
		{9C182268-FEA6-979D-435A-8D8E54A567B9}.Release|Any CPU.Build.0 = Release|Any CPU
	EndGlobalSection
	GlobalSection(SolutionProperties) = preSolution
		HideSolutionNode = FALSE
	EndGlobalSection
	GlobalSection(ExtensibilityGlobals) = postSolution
		SolutionGuid = {9B8218C7-0818-4638-9FFE-3C3F898BED65}
	EndGlobalSection
EndGlobal
