
Microsoft Visual Studio Solution File, Format Version 12.00
# Visual Studio Version 16
VisualStudioVersion = 25.0.1706.7
MinimumVisualStudioVersion = 10.0.40219.1
Project("{FAE04EC0-301F-11D3-BF4B-00C04F79EFBC}") = "BertiniReal", "BertiniReal\BertiniReal.csproj", "{E8E59DBD-38F8-4529-8CE8-0E66D8507068}"
EndProject
Global
	GlobalSection(SolutionConfigurationPlatforms) = preSolution
		Debug|Any CPU = Debug|Any CPU
		Release|Any CPU = Release|Any CPU
	EndGlobalSection
	GlobalSection(ProjectConfigurationPlatforms) = postSolution
		{E8E59DBD-38F8-4529-8CE8-0E66D8507068}.Debug|Any CPU.ActiveCfg = Debug|Any CPU
		{E8E59DBD-38F8-4529-8CE8-0E66D8507068}.Debug|Any CPU.Build.0 = Debug|Any CPU
		{E8E59DBD-38F8-4529-8CE8-0E66D8507068}.Release|Any CPU.ActiveCfg = Release|Any CPU
		{E8E59DBD-38F8-4529-8CE8-0E66D8507068}.Release|Any CPU.Build.0 = Release|Any CPU
	EndGlobalSection
	GlobalSection(SolutionProperties) = preSolution
		HideSolutionNode = FALSE
	EndGlobalSection
	GlobalSection(ExtensibilityGlobals) = postSolution
		SolutionGuid = {FBE73187-54ED-40E0-98E4-1ECC064614CD}
	EndGlobalSection
EndGlobal
