
Microsoft Visual Studio Solution File, Format Version 12.00
# Visual Studio Version 17
VisualStudioVersion = 17.7.34202.233
MinimumVisualStudioVersion = 10.0.40219.1
Project("{9A19103F-16F7-4668-BE54-9A1E7A4F7556}") = "MyPlugin", "MyPlugin.csproj", "{5E5CB9E0-F854-41DE-A583-270DF5630432}"
EndProject
Global
	GlobalSection(SolutionConfigurationPlatforms) = preSolution
		Debug|Any CPU = Debug|Any CPU
		Release|Any CPU = Release|Any CPU
	EndGlobalSection
	GlobalSection(ProjectConfigurationPlatforms) = postSolution
		{5E5CB9E0-F854-41DE-A583-270DF5630432}.Debug|Any CPU.ActiveCfg = Debug|Any CPU
		{5E5CB9E0-F854-41DE-A583-270DF5630432}.Debug|Any CPU.Build.0 = Debug|Any CPU
		{5E5CB9E0-F854-41DE-A583-270DF5630432}.Release|Any CPU.ActiveCfg = Release|Any CPU
		{5E5CB9E0-F854-41DE-A583-270DF5630432}.Release|Any CPU.Build.0 = Release|Any CPU
	EndGlobalSection
	GlobalSection(SolutionProperties) = preSolution
		HideSolutionNode = FALSE
	EndGlobalSection
	GlobalSection(ExtensibilityGlobals) = postSolution
		SolutionGuid = {DBA124E4-6436-437E-8A81-E4F87A582868}
	EndGlobalSection
EndGlobal
